
Microsoft Visual Studio Solution File, Format Version 12.00
# Visual Studio Version 16
VisualStudioVersion = 16.0.31005.135
MinimumVisualStudioVersion = 10.0.40219.1
Project("{FAE04EC0-301F-11D3-BF4B-00C04F79EFBC}") = "Game", "Game\Game.csproj", "{838DD3FE-6B77-407C-BF5B-9A00EF741547}"
EndProject
Global
	GlobalSection(SolutionConfigurationPlatforms) = preSolution
		Debug|Any CPU = Debug|Any CPU
		Release|Any CPU = Release|Any CPU
	EndGlobalSection
	GlobalSection(ProjectConfigurationPlatforms) = postSolution
		{838DD3FE-6B77-407C-BF5B-9A00EF741547}.Debug|Any CPU.ActiveCfg = Debug|Any CPU
		{838DD3FE-6B77-407C-BF5B-9A00EF741547}.Debug|Any CPU.Build.0 = Debug|Any CPU
		{838DD3FE-6B77-407C-BF5B-9A00EF741547}.Release|Any CPU.ActiveCfg = Release|Any CPU
		{838DD3FE-6B77-407C-BF5B-9A00EF741547}.Release|Any CPU.Build.0 = Release|Any CPU
	EndGlobalSection
	GlobalSection(SolutionProperties) = preSolution
		HideSolutionNode = FALSE
	EndGlobalSection
	GlobalSection(ExtensibilityGlobals) = postSolution
		SolutionGuid = {5BDD6887-3909-40E8-8DC9-6A13B9DF2E18}
	EndGlobalSection
EndGlobal
